
Microsoft Visual Studio Solution File, Format Version 12.00
# Visual Studio Version 16
VisualStudioVersion = 16.0.31424.327
MinimumVisualStudioVersion = 10.0.40219.1
Project("{FAE04EC0-301F-11D3-BF4B-00C04F79EFBC}") = "UpworkNotification", "UpworkNotification\UpworkNotification.csproj", "{F037CFFF-3313-4746-9BF0-F273D89E105B}"
EndProject
Global
	GlobalSection(SolutionConfigurationPlatforms) = preSolution
		Debug|Any CPU = Debug|Any CPU
		Release|Any CPU = Release|Any CPU
	EndGlobalSection
	GlobalSection(ProjectConfigurationPlatforms) = postSolution
		{F037CFFF-3313-4746-9BF0-F273D89E105B}.Debug|Any CPU.ActiveCfg = Debug|Any CPU
		{F037CFFF-3313-4746-9BF0-F273D89E105B}.Debug|Any CPU.Build.0 = Debug|Any CPU
		{F037CFFF-3313-4746-9BF0-F273D89E105B}.Release|Any CPU.ActiveCfg = Release|Any CPU
		{F037CFFF-3313-4746-9BF0-F273D89E105B}.Release|Any CPU.Build.0 = Release|Any CPU
	EndGlobalSection
	GlobalSection(SolutionProperties) = preSolution
		HideSolutionNode = FALSE
	EndGlobalSection
	GlobalSection(ExtensibilityGlobals) = postSolution
		SolutionGuid = {87783ECC-A3E2-4339-9F01-52D7A9727363}
	EndGlobalSection
EndGlobal
